{
  "version": 4,
  "terraform_version": "1.9.4",
  "serial": 149,
  "lineage": "108e17be-aeef-5066-2175-a208fd9accdc",
  "outputs": {},
  "resources": [
    {
      "mode": "managed",
      "type": "local_file",
      "name": "copy_build_files",
      "provider": "provider[\"registry.terraform.io/hashicorp/local\"]",
      "instances": [
        {
          "schema_version": 0,
          "attributes": {
            "content": "    \r\nREM Redirect to source \r\ncd C:\\ProgramData\\Jenkins\\.jenkins\\workspace\\poc\r\n\r\nREM Npm install and Build\r\nstart /wait npm install \u0026\u0026 npm run build\r\n\r\nREM Copy build \r\nxcopy C:\\ProgramData\\Jenkins\\.jenkins\\workspace\\poc\\build C:\\React-Build\\poc\\deploy /E /I /Y\r\n\r\nREM Delete build\r\nrmdir /s /q C:\\ProgramData\\Jenkins\\.jenkins\\workspace\\poc\\build \r\n",
            "content_base64": null,
            "content_base64sha256": "qe4Olp8mGW7kBbCYywNyn7tCulGb5HEbr+RIZ1Xbtbg=",
            "content_base64sha512": "Pez+yh8p0bofFljCAYr/eakcDmrs/SMpmORFlijXZrkE6B8WbmJ/pJNTDu3NTECq+8HM6LHVNEQAHq/D4317xg==",
            "content_md5": "fc13b41ffb46ccccd0e698321777214e",
            "content_sha1": "231843115cf1f06a9cce360001704717a6fed7f1",
            "content_sha256": "a9ee0e969f26196ee405b098cb03729fbb42ba519be4711bafe4486755dbb5b8",
            "content_sha512": "3decfeca1f29d1ba1f1658c2018aff79a91c0e6aecfd232998e4459628d766b904e81f166e627fa493530eedcd4c40aafbc1cce8b1d53444001eafc3e37d7bc6",
            "directory_permission": "0777",
            "file_permission": "0755",
            "filename": "./copy_file.bat",
            "id": "231843115cf1f06a9cce360001704717a6fed7f1",
            "sensitive_content": null,
            "source": null
          },
          "sensitive_attributes": [
            [
              {
                "type": "get_attr",
                "value": "sensitive_content"
              }
            ]
          ]
        }
      ]
    }
  ],
  "check_results": null
}
