{
  "version": 4,
  "terraform_version": "1.9.4",
  "serial": 141,
  "lineage": "108e17be-aeef-5066-2175-a208fd9accdc",
  "outputs": {},
  "resources": [
    {
      "mode": "managed",
      "type": "local_file",
      "name": "copy_build_files",
      "provider": "provider[\"registry.terraform.io/hashicorp/local\"]",
      "instances": [
        {
          "schema_version": 0,
          "attributes": {
            "content": "@echo off\r\n\r\nREM Copy build \r\nxcopy C:\\ProgramData\\Jenkins\\.jenkins\\workspace\\poc\\build C:\\React-Build\\poc\\deploy /E /I /Y\r\n\r\nREM Delete build\r\nrmdir /s /q C:\\ProgramData\\Jenkins\\.jenkins\\workspace\\poc\\build \r\n",
            "content_base64": null,
            "content_base64sha256": "Y9VZ03WVu1/SmZNAfZXrec16hgLCpL32Abqv8qBiFuc=",
            "content_base64sha512": "rN/e+qM1YZrVrTTaoTIOkVicbPl+f1Cpn0mySzZGgHxBcxF9UhxW/q6f3rdc2j2/+RinkDlpXy5WjRamIxq1/A==",
            "content_md5": "981c971f733748bfd90f209afc09a7f6",
            "content_sha1": "1a849a2eb961938a7215efe7a82c9d7118dbb2c1",
            "content_sha256": "63d559d37595bb5fd29993407d95eb79cd7a8602c2a4bdf601baaff2a06216e7",
            "content_sha512": "acdfdefaa335619ad5ad34daa1320e91589c6cf97e7f50a99f49b24b3646807c4173117d521c56feae9fdeb75cda3dbff918a79039695f2e568d16a6231ab5fc",
            "directory_permission": "0777",
            "file_permission": "0755",
            "filename": "./copy_file.bat",
            "id": "1a849a2eb961938a7215efe7a82c9d7118dbb2c1",
            "sensitive_content": null,
            "source": null
          },
          "sensitive_attributes": [
            [
              {
                "type": "get_attr",
                "value": "sensitive_content"
              }
            ]
          ]
        }
      ]
    }
  ],
  "check_results": null
}
