{
  "version": 4,
  "terraform_version": "1.9.5",
  "serial": 195,
  "lineage": "108e17be-aeef-5066-2175-a208fd9accdc",
  "outputs": {
    "name": {
      "value": "./copy_file.sh",
      "type": "string"
    }
  },
  "resources": [
    {
      "mode": "managed",
      "type": "local_file",
      "name": "copy_build_files",
      "provider": "provider[\"registry.terraform.io/hashicorp/local\"]",
      "instances": [
        {
          "schema_version": 0,
          "attributes": {
            "content": "npm install \u0026\u0026 npm run build \u0026\u0026 cp -rn ../build/* /var/www/html\n",
            "content_base64": null,
            "content_base64sha256": "rUd3VauN5Ho+GD1HJCgKRvOi+aha8V8nQ2Y/cSNXT8g=",
            "content_base64sha512": "x2DLhSuySV6VWLbkzWYuMQtE6a4K2p8k9UdHDz7psMseNmlbfyEuzwGdYcAefFmkORbbg5lSBXjnveU8TdD5sg==",
            "content_md5": "ac51c553258a73ba08910aab1734524b",
            "content_sha1": "a711252deb6b5d1bd4875c69f675338acdd38682",
            "content_sha256": "ad477755ab8de47a3e183d4724280a46f3a2f9a85af15f2743663f7123574fc8",
            "content_sha512": "c760cb852bb2495e9558b6e4cd662e310b44e9ae0ada9f24f547470f3ee9b0cb1e36695b7f212ecf019d61c01e7c59a43916db8399520578e7bde53c4dd0f9b2",
            "directory_permission": "0777",
            "file_permission": "0755",
            "filename": "./copy_file.sh",
            "id": "a711252deb6b5d1bd4875c69f675338acdd38682",
            "sensitive_content": null,
            "source": null
          },
          "sensitive_attributes": [
            [
              {
                "type": "get_attr",
                "value": "sensitive_content"
              }
            ]
          ]
        }
      ]
    },
    {
      "mode": "managed",
      "type": "null_resource",
      "name": "run_sh_file",
      "provider": "provider[\"registry.terraform.io/hashicorp/null\"]",
      "instances": [
        {
          "schema_version": 0,
          "attributes": {
            "id": "1924520902447066645",
            "triggers": null
          },
          "sensitive_attributes": [],
          "dependencies": [
            "local_file.copy_build_files"
          ]
        }
      ]
    }
  ],
  "check_results": null
}
