{
  "version": 4,
  "terraform_version": "1.9.4",
  "serial": 147,
  "lineage": "108e17be-aeef-5066-2175-a208fd9accdc",
  "outputs": {},
  "resources": [
    {
      "mode": "managed",
      "type": "local_file",
      "name": "copy_build_files",
      "provider": "provider[\"registry.terraform.io/hashicorp/local\"]",
      "instances": [
        {
          "schema_version": 0,
          "attributes": {
            "content": "@echo off\r\nREM Redirect to source \r\ncd C:\\ProgramData\\Jenkins\\.jenkins\\workspace\\poc\r\n\r\nREM Npm install command\r\nnpm install\r\n\r\nREM Build\r\nnpm run build\r\n\r\nREM Copy build \r\nxcopy C:\\ProgramData\\Jenkins\\.jenkins\\workspace\\poc\\build C:\\React-Build\\poc\\deploy /E /I /Y\r\n\r\nREM Delete build\r\nrmdir /s /q C:\\ProgramData\\Jenkins\\.jenkins\\workspace\\poc\\build \r\n",
            "content_base64": null,
            "content_base64sha256": "gKro9vYswiVSCDVHLHr4mGLK+X+oEHWC3iSuSflHCoQ=",
            "content_base64sha512": "ClBI8p11DqknvBSrDBh5VjDo/zXpZESGbBhqhr0LIsHl5xDLNaw7YSP5j0+VmazIZ+K5pZXoMGXndiZaDWakyA==",
            "content_md5": "e818e661ccda7cad5569ac6f3e0aeb69",
            "content_sha1": "8affef4a43b60a23d194698f19667de269720317",
            "content_sha256": "80aae8f6f62cc225520835472c7af89862caf97fa8107582de24ae49f9470a84",
            "content_sha512": "0a5048f29d750ea927bc14ab0c18795630e8ff35e96444866c186a86bd0b22c1e5e710cb35ac3b6123f98f4f9599acc867e2b9a595e83065e776265a0d66a4c8",
            "directory_permission": "0777",
            "file_permission": "0755",
            "filename": "./copy_file.bat",
            "id": "8affef4a43b60a23d194698f19667de269720317",
            "sensitive_content": null,
            "source": null
          },
          "sensitive_attributes": [
            [
              {
                "type": "get_attr",
                "value": "sensitive_content"
              }
            ]
          ]
        }
      ]
    }
  ],
  "check_results": null
}
