{
  "version": 4,
  "terraform_version": "1.9.4",
  "serial": 144,
  "lineage": "108e17be-aeef-5066-2175-a208fd9accdc",
  "outputs": {},
  "resources": [
    {
      "mode": "managed",
      "type": "local_file",
      "name": "copy_build_files",
      "provider": "provider[\"registry.terraform.io/hashicorp/local\"]",
      "instances": [
        {
          "schema_version": 0,
          "attributes": {
            "content": "@echo off\r\nREM Npm install command\r\nnpm install\r\n\r\nREM Build\r\nnpm run build\r\n\r\nREM Copy build \r\nxcopy C:\\ProgramData\\Jenkins\\.jenkins\\workspace\\poc\\build C:\\React-Build\\poc\\deploy /E /I /Y\r\n\r\nREM Delete build\r\nrmdir /s /q C:\\ProgramData\\Jenkins\\.jenkins\\workspace\\poc\\build \r\n",
            "content_base64": null,
            "content_base64sha256": "QVACWFjR1Hv+/ghV0jpMByYFs24fbEqiwNIqBwFYJwY=",
            "content_base64sha512": "jAx/x7GeVsBkNOi3a9aXKXosLtePBzlgrzEkTNfZOndohud0PTFMMoKnLEF/KYQzojt8YlWuIaQIPTt0fVvS3A==",
            "content_md5": "8245e576e045964bdcce40d590806cf6",
            "content_sha1": "96bd8025781bef81ad417067422881b5d008d324",
            "content_sha256": "4150025858d1d47bfefe0855d23a4c072605b36e1f6c4aa2c0d22a0701582706",
            "content_sha512": "8c0c7fc7b19e56c06434e8b76bd697297a2c2ed78f073960af31244cd7d93a776886e7743d314c3282a72c417f298433a23b7c6255ae21a4083d3b747d5bd2dc",
            "directory_permission": "0777",
            "file_permission": "0755",
            "filename": "./copy_file.bat",
            "id": "96bd8025781bef81ad417067422881b5d008d324",
            "sensitive_content": null,
            "source": null
          },
          "sensitive_attributes": [
            [
              {
                "type": "get_attr",
                "value": "sensitive_content"
              }
            ]
          ]
        }
      ]
    }
  ],
  "check_results": null
}
