{
  "version": 4,
  "terraform_version": "1.9.5",
  "serial": 201,
  "lineage": "108e17be-aeef-5066-2175-a208fd9accdc",
  "outputs": {
    "name": {
      "value": "./copy_file.sh",
      "type": "string"
    }
  },
  "resources": [
    {
      "mode": "managed",
      "type": "local_file",
      "name": "copy_build_files",
      "provider": "provider[\"registry.terraform.io/hashicorp/local\"]",
      "instances": [
        {
          "schema_version": 0,
          "attributes": {
            "content": "npm install \u0026\u0026 npm run build \u0026\u0026 sudo chmod -R 777 /var/www/html \u0026\u0026sudo cp -rn ../build/* /var/www/html\n",
            "content_base64": null,
            "content_base64sha256": "j25YuN7CRQV3Nuy2xT9tN7KQ23/XAIo8uNuRBO3OK9Q=",
            "content_base64sha512": "Z0hB149Z1l3XJDrnpVmXWxNwcD1TtNxg1XwFBvZ7XCpRaUHx34SwSBMAyYNI/go8eWW82QiEuP0p29Fcaula8Q==",
            "content_md5": "be6998dcea3e4614887e6feac59f462d",
            "content_sha1": "d4b0aa8e5d2ab64d730597588c464f2601d96ee2",
            "content_sha256": "8f6e58b8dec245057736ecb6c53f6d37b290db7fd7008a3cb8db9104edce2bd4",
            "content_sha512": "674841d78f59d65dd7243ae7a559975b1370703d53b4dc60d57c0506f67b5c2a516941f1df84b0481300c98348fe0a3c7965bcd90884b8fd29dbd15c6ae95af1",
            "directory_permission": "0777",
            "file_permission": "0755",
            "filename": "./copy_file.sh",
            "id": "d4b0aa8e5d2ab64d730597588c464f2601d96ee2",
            "sensitive_content": null,
            "source": null
          },
          "sensitive_attributes": [
            [
              {
                "type": "get_attr",
                "value": "sensitive_content"
              }
            ]
          ]
        }
      ]
    },
    {
      "mode": "managed",
      "type": "null_resource",
      "name": "run_sh_file",
      "provider": "provider[\"registry.terraform.io/hashicorp/null\"]",
      "instances": [
        {
          "schema_version": 0,
          "attributes": {
            "id": "1924520902447066645",
            "triggers": null
          },
          "sensitive_attributes": [],
          "dependencies": [
            "local_file.copy_build_files"
          ]
        }
      ]
    }
  ],
  "check_results": null
}
