{
  "version": 4,
  "terraform_version": "1.9.4",
  "serial": 114,
  "lineage": "108e17be-aeef-5066-2175-a208fd9accdc",
  "outputs": {
    "deploy_directory": {
      "value": "C:\\React-Build\\poc\\deploy",
      "type": "string"
    }
  },
  "resources": [
    {
      "mode": "managed",
      "type": "local_file",
      "name": "npm_install_script",
      "provider": "provider[\"registry.terraform.io/hashicorp/local\"]",
      "instances": [
        {
          "schema_version": 0,
          "attributes": {
            "content": "REM Navigate to the React project directory\r\ncd C:\\ProgramData\\Jenkins\\.jenkins\\workspace\\poc\\build\r\n\r\nREM Copy build \r\nxcopy C:\\ProgramData\\Jenkins\\.jenkins\\workspace\\poc\\build C:\\React-Build\\poc\\deploy /E /I /Y\r\n\r\n",
            "content_base64": null,
            "content_base64sha256": "1PVJd6nUwE6XHuK8Q6vaBS3RFkTKHPlPL7s7HqeM1z4=",
            "content_base64sha512": "F2rre8cdiqYUXyyf1Tw8FE5TRyBGxgC8I/rbLQdGQ/Crkt/ZHspPagxlrZAdzRuEtLMa6g+HwSXC+MLpW5jMkQ==",
            "content_md5": "e19eb7c49b41021387bc04a609a1ef2f",
            "content_sha1": "1cb6acb2c566155c2fa9911c26821b0abd8aa9a8",
            "content_sha256": "d4f54977a9d4c04e971ee2bc43abda052dd11644ca1cf94f2fbb3b1ea78cd73e",
            "content_sha512": "176aeb7bc71d8aa6145f2c9fd53c3c144e53472046c600bc23fadb2d074643f0ab92dfd91eca4f6a0c65ad901dcd1b84b4b31aea0f87c125c2f8c2e95b98cc91",
            "directory_permission": "0777",
            "file_permission": "0755",
            "filename": "./install_and_build.bat",
            "id": "1cb6acb2c566155c2fa9911c26821b0abd8aa9a8",
            "sensitive_content": null,
            "source": null
          },
          "sensitive_attributes": [
            [
              {
                "type": "get_attr",
                "value": "sensitive_content"
              }
            ]
          ]
        }
      ]
    }
  ],
  "check_results": null
}
