{
  "version": 4,
  "terraform_version": "1.9.5",
  "serial": 198,
  "lineage": "108e17be-aeef-5066-2175-a208fd9accdc",
  "outputs": {
    "name": {
      "value": "./copy_file.sh",
      "type": "string"
    }
  },
  "resources": [
    {
      "mode": "managed",
      "type": "local_file",
      "name": "copy_build_files",
      "provider": "provider[\"registry.terraform.io/hashicorp/local\"]",
      "instances": [
        {
          "schema_version": 0,
          "attributes": {
            "content": "npm install \u0026\u0026 npm run build \u0026\u0026 sudo cp -rn ../build/* /var/www/html\n",
            "content_base64": null,
            "content_base64sha256": "kwwt0Jb0OC0ye2+wioLR34gmEVYIG2d54Ps2Eed9Cq0=",
            "content_base64sha512": "lvcMqx2yNK17ReyNtVTrTDzPr5kFoJ+/pj/KbapEfINQxYQBkLQSFPSHppViWbj4v0c2weTds5ApYJ9Abnw1QA==",
            "content_md5": "c284c25a87c5ebd03ed07aecff900fe3",
            "content_sha1": "81d85760f8021ca6354a4d970ece1a27373d725f",
            "content_sha256": "930c2dd096f4382d327b6fb08a82d1df88261156081b6779e0fb3611e77d0aad",
            "content_sha512": "96f70cab1db234ad7b45ec8db554eb4c3ccfaf9905a09fbfa63fca6daa447c8350c5840190b41214f487a6956259b8f8bf4736c1e4ddb39029609f406e7c3540",
            "directory_permission": "0777",
            "file_permission": "0755",
            "filename": "./copy_file.sh",
            "id": "81d85760f8021ca6354a4d970ece1a27373d725f",
            "sensitive_content": null,
            "source": null
          },
          "sensitive_attributes": [
            [
              {
                "type": "get_attr",
                "value": "sensitive_content"
              }
            ]
          ]
        }
      ]
    },
    {
      "mode": "managed",
      "type": "null_resource",
      "name": "run_sh_file",
      "provider": "provider[\"registry.terraform.io/hashicorp/null\"]",
      "instances": [
        {
          "schema_version": 0,
          "attributes": {
            "id": "1924520902447066645",
            "triggers": null
          },
          "sensitive_attributes": [],
          "dependencies": [
            "local_file.copy_build_files"
          ]
        }
      ]
    }
  ],
  "check_results": null
}
